<<<<<<< HEAD
﻿
Microsoft Visual Studio Solution File, Format Version 11.00
# Visual Studio 2010
Project("{FAE04EC0-301F-11D3-BF4B-00C04F79EFBC}") = "PopQuiz", "Assembly-CSharp.csproj", "{08654AA0-4911-D357-A6BD-F331F7ED8B17}"
=======
Microsoft Visual Studio Solution File, Format Version 11.00
# Visual Studio 2008

Project("{4E48407E-8666-21CF-5E02-4762BF0AFE44}") = "PopQuiz", "Assembly-CSharp.csproj", "{08654AA0-4911-D357-A6BD-F331F7ED8B17}"
>>>>>>> origin/master
EndProject
Global
	GlobalSection(SolutionConfigurationPlatforms) = preSolution
		Debug|Any CPU = Debug|Any CPU
		Release|Any CPU = Release|Any CPU
	EndGlobalSection
	GlobalSection(ProjectConfigurationPlatforms) = postSolution
		{08654AA0-4911-D357-A6BD-F331F7ED8B17}.Debug|Any CPU.ActiveCfg = Debug|Any CPU
		{08654AA0-4911-D357-A6BD-F331F7ED8B17}.Debug|Any CPU.Build.0 = Debug|Any CPU
		{08654AA0-4911-D357-A6BD-F331F7ED8B17}.Release|Any CPU.ActiveCfg = Release|Any CPU
		{08654AA0-4911-D357-A6BD-F331F7ED8B17}.Release|Any CPU.Build.0 = Release|Any CPU
	EndGlobalSection
	GlobalSection(SolutionProperties) = preSolution
		HideSolutionNode = FALSE
	EndGlobalSection
	GlobalSection(MonoDevelopProperties) = preSolution
		StartupItem = Assembly-CSharp.csproj
	EndGlobalSection
EndGlobal
